
Microsoft Visual Studio Solution File, Format Version 12.00
# Visual Studio 2013
VisualStudioVersion = 12.0.31101.0
MinimumVisualStudioVersion = 10.0.40219.1
Project("{8BC9CEB8-8B4A-11D0-8D11-00A0C91BC942}") = "quickmsg-c", "quickmsg-c\quickmsg-c.vcxproj", "{D4D55624-A785-48BB-864C-AB970F834205}"
EndProject
Project("{8BC9CEB8-8B4A-11D0-8D11-00A0C91BC942}") = "test_c_pub", "..\test_c_pub\test_c_pub.vcxproj", "{03B484F6-2B78-4F27-BEEA-3B903D6A24CD}"
	ProjectSection(ProjectDependencies) = postProject
		{D4D55624-A785-48BB-864C-AB970F834205} = {D4D55624-A785-48BB-864C-AB970F834205}
	EndProjectSection
EndProject
Project("{8BC9CEB8-8B4A-11D0-8D11-00A0C91BC942}") = "test_c_sub", "test_c_sub\test_c_sub.vcxproj", "{0FF5463B-28D8-4C48-85B5-D2F4FB33E182}"
EndProject
Global
	GlobalSection(SolutionConfigurationPlatforms) = preSolution
		Debug|x64 = Debug|x64
		DebugDEXE|x64 = DebugDEXE|x64
		DebugDLL|x64 = DebugDLL|x64
		DebugLEXE|x64 = DebugLEXE|x64
		DebugLIB|x64 = DebugLIB|x64
		DebugLTCG|x64 = DebugLTCG|x64
		DebugSEXE|x64 = DebugSEXE|x64
		DynDebug|x64 = DynDebug|x64
		DynRelease|x64 = DynRelease|x64
		LtcgDebug|x64 = LtcgDebug|x64
		LtcgRelease|x64 = LtcgRelease|x64
		Release|x64 = Release|x64
		ReleaseDEXE|x64 = ReleaseDEXE|x64
		ReleaseDLL|x64 = ReleaseDLL|x64
		ReleaseLEXE|x64 = ReleaseLEXE|x64
		ReleaseLIB|x64 = ReleaseLIB|x64
		ReleaseLTCG|x64 = ReleaseLTCG|x64
		ReleaseSEXE|x64 = ReleaseSEXE|x64
		StaticDebug|x64 = StaticDebug|x64
		StaticRelease|x64 = StaticRelease|x64
	EndGlobalSection
	GlobalSection(ProjectConfigurationPlatforms) = postSolution
		{D4D55624-A785-48BB-864C-AB970F834205}.Debug|x64.ActiveCfg = DebugDLL|x64
		{D4D55624-A785-48BB-864C-AB970F834205}.Debug|x64.Build.0 = DebugDLL|x64
		{D4D55624-A785-48BB-864C-AB970F834205}.DebugDEXE|x64.ActiveCfg = DebugDLL|x64
		{D4D55624-A785-48BB-864C-AB970F834205}.DebugDEXE|x64.Build.0 = DebugDLL|x64
		{D4D55624-A785-48BB-864C-AB970F834205}.DebugDLL|x64.ActiveCfg = DebugDLL|x64
		{D4D55624-A785-48BB-864C-AB970F834205}.DebugDLL|x64.Build.0 = DebugDLL|x64
		{D4D55624-A785-48BB-864C-AB970F834205}.DebugLEXE|x64.ActiveCfg = DebugDLL|x64
		{D4D55624-A785-48BB-864C-AB970F834205}.DebugLEXE|x64.Build.0 = DebugDLL|x64
		{D4D55624-A785-48BB-864C-AB970F834205}.DebugLIB|x64.ActiveCfg = DebugDLL|x64
		{D4D55624-A785-48BB-864C-AB970F834205}.DebugLIB|x64.Build.0 = DebugDLL|x64
		{D4D55624-A785-48BB-864C-AB970F834205}.DebugLTCG|x64.ActiveCfg = DebugDLL|x64
		{D4D55624-A785-48BB-864C-AB970F834205}.DebugLTCG|x64.Build.0 = DebugDLL|x64
		{D4D55624-A785-48BB-864C-AB970F834205}.DebugSEXE|x64.ActiveCfg = DebugDLL|x64
		{D4D55624-A785-48BB-864C-AB970F834205}.DebugSEXE|x64.Build.0 = DebugDLL|x64
		{D4D55624-A785-48BB-864C-AB970F834205}.DynDebug|x64.ActiveCfg = Debug|x64
		{D4D55624-A785-48BB-864C-AB970F834205}.DynDebug|x64.Build.0 = Debug|x64
		{D4D55624-A785-48BB-864C-AB970F834205}.DynRelease|x64.ActiveCfg = Release|x64
		{D4D55624-A785-48BB-864C-AB970F834205}.DynRelease|x64.Build.0 = Release|x64
		{D4D55624-A785-48BB-864C-AB970F834205}.LtcgDebug|x64.ActiveCfg = Debug|x64
		{D4D55624-A785-48BB-864C-AB970F834205}.LtcgDebug|x64.Build.0 = Debug|x64
		{D4D55624-A785-48BB-864C-AB970F834205}.LtcgRelease|x64.ActiveCfg = Release|x64
		{D4D55624-A785-48BB-864C-AB970F834205}.LtcgRelease|x64.Build.0 = Release|x64
		{D4D55624-A785-48BB-864C-AB970F834205}.Release|x64.ActiveCfg = ReleaseDLL|x64
		{D4D55624-A785-48BB-864C-AB970F834205}.Release|x64.Build.0 = ReleaseDLL|x64
		{D4D55624-A785-48BB-864C-AB970F834205}.ReleaseDEXE|x64.ActiveCfg = Release|x64
		{D4D55624-A785-48BB-864C-AB970F834205}.ReleaseDEXE|x64.Build.0 = Release|x64
		{D4D55624-A785-48BB-864C-AB970F834205}.ReleaseDLL|x64.ActiveCfg = ReleaseDLL|x64
		{D4D55624-A785-48BB-864C-AB970F834205}.ReleaseDLL|x64.Build.0 = ReleaseDLL|x64
		{D4D55624-A785-48BB-864C-AB970F834205}.ReleaseLEXE|x64.ActiveCfg = Release|x64
		{D4D55624-A785-48BB-864C-AB970F834205}.ReleaseLEXE|x64.Build.0 = Release|x64
		{D4D55624-A785-48BB-864C-AB970F834205}.ReleaseLIB|x64.ActiveCfg = Release|x64
		{D4D55624-A785-48BB-864C-AB970F834205}.ReleaseLIB|x64.Build.0 = Release|x64
		{D4D55624-A785-48BB-864C-AB970F834205}.ReleaseLTCG|x64.ActiveCfg = Release|x64
		{D4D55624-A785-48BB-864C-AB970F834205}.ReleaseLTCG|x64.Build.0 = Release|x64
		{D4D55624-A785-48BB-864C-AB970F834205}.ReleaseSEXE|x64.ActiveCfg = Release|x64
		{D4D55624-A785-48BB-864C-AB970F834205}.ReleaseSEXE|x64.Build.0 = Release|x64
		{D4D55624-A785-48BB-864C-AB970F834205}.StaticDebug|x64.ActiveCfg = Debug|x64
		{D4D55624-A785-48BB-864C-AB970F834205}.StaticDebug|x64.Build.0 = Debug|x64
		{D4D55624-A785-48BB-864C-AB970F834205}.StaticRelease|x64.ActiveCfg = Release|x64
		{D4D55624-A785-48BB-864C-AB970F834205}.StaticRelease|x64.Build.0 = Release|x64
		{03B484F6-2B78-4F27-BEEA-3B903D6A24CD}.Debug|x64.ActiveCfg = Debug|x64
		{03B484F6-2B78-4F27-BEEA-3B903D6A24CD}.Debug|x64.Build.0 = Debug|x64
		{03B484F6-2B78-4F27-BEEA-3B903D6A24CD}.DebugDEXE|x64.ActiveCfg = Debug|x64
		{03B484F6-2B78-4F27-BEEA-3B903D6A24CD}.DebugDEXE|x64.Build.0 = Debug|x64
		{03B484F6-2B78-4F27-BEEA-3B903D6A24CD}.DebugDLL|x64.ActiveCfg = Debug|x64
		{03B484F6-2B78-4F27-BEEA-3B903D6A24CD}.DebugDLL|x64.Build.0 = Debug|x64
		{03B484F6-2B78-4F27-BEEA-3B903D6A24CD}.DebugLEXE|x64.ActiveCfg = Debug|x64
		{03B484F6-2B78-4F27-BEEA-3B903D6A24CD}.DebugLEXE|x64.Build.0 = Debug|x64
		{03B484F6-2B78-4F27-BEEA-3B903D6A24CD}.DebugLIB|x64.ActiveCfg = Debug|x64
		{03B484F6-2B78-4F27-BEEA-3B903D6A24CD}.DebugLIB|x64.Build.0 = Debug|x64
		{03B484F6-2B78-4F27-BEEA-3B903D6A24CD}.DebugLTCG|x64.ActiveCfg = Debug|x64
		{03B484F6-2B78-4F27-BEEA-3B903D6A24CD}.DebugLTCG|x64.Build.0 = Debug|x64
		{03B484F6-2B78-4F27-BEEA-3B903D6A24CD}.DebugSEXE|x64.ActiveCfg = Debug|x64
		{03B484F6-2B78-4F27-BEEA-3B903D6A24CD}.DebugSEXE|x64.Build.0 = Debug|x64
		{03B484F6-2B78-4F27-BEEA-3B903D6A24CD}.DynDebug|x64.ActiveCfg = Debug|x64
		{03B484F6-2B78-4F27-BEEA-3B903D6A24CD}.DynDebug|x64.Build.0 = Debug|x64
		{03B484F6-2B78-4F27-BEEA-3B903D6A24CD}.DynRelease|x64.ActiveCfg = Release|Win32
		{03B484F6-2B78-4F27-BEEA-3B903D6A24CD}.LtcgDebug|x64.ActiveCfg = Debug|x64
		{03B484F6-2B78-4F27-BEEA-3B903D6A24CD}.LtcgDebug|x64.Build.0 = Debug|x64
		{03B484F6-2B78-4F27-BEEA-3B903D6A24CD}.LtcgRelease|x64.ActiveCfg = Release|Win32
		{03B484F6-2B78-4F27-BEEA-3B903D6A24CD}.Release|x64.ActiveCfg = Release|x64
		{03B484F6-2B78-4F27-BEEA-3B903D6A24CD}.Release|x64.Build.0 = Release|x64
		{03B484F6-2B78-4F27-BEEA-3B903D6A24CD}.ReleaseDEXE|x64.ActiveCfg = Release|Win32
		{03B484F6-2B78-4F27-BEEA-3B903D6A24CD}.ReleaseDLL|x64.ActiveCfg = Release|x64
		{03B484F6-2B78-4F27-BEEA-3B903D6A24CD}.ReleaseDLL|x64.Build.0 = Release|x64
		{03B484F6-2B78-4F27-BEEA-3B903D6A24CD}.ReleaseLEXE|x64.ActiveCfg = Release|Win32
		{03B484F6-2B78-4F27-BEEA-3B903D6A24CD}.ReleaseLIB|x64.ActiveCfg = Release|Win32
		{03B484F6-2B78-4F27-BEEA-3B903D6A24CD}.ReleaseLTCG|x64.ActiveCfg = Release|Win32
		{03B484F6-2B78-4F27-BEEA-3B903D6A24CD}.ReleaseSEXE|x64.ActiveCfg = Release|Win32
		{03B484F6-2B78-4F27-BEEA-3B903D6A24CD}.StaticDebug|x64.ActiveCfg = Debug|x64
		{03B484F6-2B78-4F27-BEEA-3B903D6A24CD}.StaticDebug|x64.Build.0 = Debug|x64
		{03B484F6-2B78-4F27-BEEA-3B903D6A24CD}.StaticRelease|x64.ActiveCfg = Release|Win32
		{0FF5463B-28D8-4C48-85B5-D2F4FB33E182}.Debug|x64.ActiveCfg = Debug|x64
		{0FF5463B-28D8-4C48-85B5-D2F4FB33E182}.Debug|x64.Build.0 = Debug|x64
		{0FF5463B-28D8-4C48-85B5-D2F4FB33E182}.DebugDEXE|x64.ActiveCfg = Debug|x64
		{0FF5463B-28D8-4C48-85B5-D2F4FB33E182}.DebugDEXE|x64.Build.0 = Debug|x64
		{0FF5463B-28D8-4C48-85B5-D2F4FB33E182}.DebugDLL|x64.ActiveCfg = Debug|x64
		{0FF5463B-28D8-4C48-85B5-D2F4FB33E182}.DebugDLL|x64.Build.0 = Debug|x64
		{0FF5463B-28D8-4C48-85B5-D2F4FB33E182}.DebugLEXE|x64.ActiveCfg = Debug|x64
		{0FF5463B-28D8-4C48-85B5-D2F4FB33E182}.DebugLEXE|x64.Build.0 = Debug|x64
		{0FF5463B-28D8-4C48-85B5-D2F4FB33E182}.DebugLIB|x64.ActiveCfg = Debug|x64
		{0FF5463B-28D8-4C48-85B5-D2F4FB33E182}.DebugLIB|x64.Build.0 = Debug|x64
		{0FF5463B-28D8-4C48-85B5-D2F4FB33E182}.DebugLTCG|x64.ActiveCfg = Debug|x64
		{0FF5463B-28D8-4C48-85B5-D2F4FB33E182}.DebugLTCG|x64.Build.0 = Debug|x64
		{0FF5463B-28D8-4C48-85B5-D2F4FB33E182}.DebugSEXE|x64.ActiveCfg = Debug|x64
		{0FF5463B-28D8-4C48-85B5-D2F4FB33E182}.DebugSEXE|x64.Build.0 = Debug|x64
		{0FF5463B-28D8-4C48-85B5-D2F4FB33E182}.DynDebug|x64.ActiveCfg = Debug|x64
		{0FF5463B-28D8-4C48-85B5-D2F4FB33E182}.DynDebug|x64.Build.0 = Debug|x64
		{0FF5463B-28D8-4C48-85B5-D2F4FB33E182}.DynRelease|x64.ActiveCfg = Release|Win32
		{0FF5463B-28D8-4C48-85B5-D2F4FB33E182}.LtcgDebug|x64.ActiveCfg = Debug|x64
		{0FF5463B-28D8-4C48-85B5-D2F4FB33E182}.LtcgDebug|x64.Build.0 = Debug|x64
		{0FF5463B-28D8-4C48-85B5-D2F4FB33E182}.LtcgRelease|x64.ActiveCfg = Release|Win32
		{0FF5463B-28D8-4C48-85B5-D2F4FB33E182}.Release|x64.ActiveCfg = Release|x64
		{0FF5463B-28D8-4C48-85B5-D2F4FB33E182}.ReleaseDEXE|x64.ActiveCfg = Release|Win32
		{0FF5463B-28D8-4C48-85B5-D2F4FB33E182}.ReleaseDLL|x64.ActiveCfg = Release|Win32
		{0FF5463B-28D8-4C48-85B5-D2F4FB33E182}.ReleaseLEXE|x64.ActiveCfg = Release|Win32
		{0FF5463B-28D8-4C48-85B5-D2F4FB33E182}.ReleaseLIB|x64.ActiveCfg = Release|Win32
		{0FF5463B-28D8-4C48-85B5-D2F4FB33E182}.ReleaseLTCG|x64.ActiveCfg = Release|Win32
		{0FF5463B-28D8-4C48-85B5-D2F4FB33E182}.ReleaseSEXE|x64.ActiveCfg = Release|Win32
		{0FF5463B-28D8-4C48-85B5-D2F4FB33E182}.StaticDebug|x64.ActiveCfg = Debug|x64
		{0FF5463B-28D8-4C48-85B5-D2F4FB33E182}.StaticDebug|x64.Build.0 = Debug|x64
		{0FF5463B-28D8-4C48-85B5-D2F4FB33E182}.StaticRelease|x64.ActiveCfg = Release|Win32
	EndGlobalSection
	GlobalSection(SolutionProperties) = preSolution
		HideSolutionNode = FALSE
	EndGlobalSection
EndGlobal
