
Microsoft Visual Studio Solution File, Format Version 12.00
# Visual Studio 2013
VisualStudioVersion = 12.0.31101.0
MinimumVisualStudioVersion = 10.0.40219.1
Project("{8BC9CEB8-8B4A-11D0-8D11-00A0C91BC942}") = "quickmsg", "quickmsg.vcxproj", "{BF349FAF-CF6C-4683-B0C7-77B90856196B}"
EndProject
Project("{8BC9CEB8-8B4A-11D0-8D11-00A0C91BC942}") = "quickmsg-c", "quickmsg-c\quickmsg-c.vcxproj", "{D4D55624-A785-48BB-864C-AB970F834205}"
EndProject
Global
	GlobalSection(SolutionConfigurationPlatforms) = preSolution
		Debug|Win32 = Debug|Win32
		Debug|x64 = Debug|x64
		DebugDEXE|Win32 = DebugDEXE|Win32
		DebugDEXE|x64 = DebugDEXE|x64
		DebugDLL|Win32 = DebugDLL|Win32
		DebugDLL|x64 = DebugDLL|x64
		DebugLEXE|Win32 = DebugLEXE|Win32
		DebugLEXE|x64 = DebugLEXE|x64
		DebugLIB|Win32 = DebugLIB|Win32
		DebugLIB|x64 = DebugLIB|x64
		DebugLTCG|Win32 = DebugLTCG|Win32
		DebugLTCG|x64 = DebugLTCG|x64
		DebugSEXE|Win32 = DebugSEXE|Win32
		DebugSEXE|x64 = DebugSEXE|x64
		DynDebug|Win32 = DynDebug|Win32
		DynDebug|x64 = DynDebug|x64
		DynRelease|Win32 = DynRelease|Win32
		DynRelease|x64 = DynRelease|x64
		LtcgDebug|Win32 = LtcgDebug|Win32
		LtcgDebug|x64 = LtcgDebug|x64
		LtcgRelease|Win32 = LtcgRelease|Win32
		LtcgRelease|x64 = LtcgRelease|x64
		Release|Win32 = Release|Win32
		Release|x64 = Release|x64
		ReleaseDEXE|Win32 = ReleaseDEXE|Win32
		ReleaseDEXE|x64 = ReleaseDEXE|x64
		ReleaseDLL|Win32 = ReleaseDLL|Win32
		ReleaseDLL|x64 = ReleaseDLL|x64
		ReleaseLEXE|Win32 = ReleaseLEXE|Win32
		ReleaseLEXE|x64 = ReleaseLEXE|x64
		ReleaseLIB|Win32 = ReleaseLIB|Win32
		ReleaseLIB|x64 = ReleaseLIB|x64
		ReleaseLTCG|Win32 = ReleaseLTCG|Win32
		ReleaseLTCG|x64 = ReleaseLTCG|x64
		ReleaseSEXE|Win32 = ReleaseSEXE|Win32
		ReleaseSEXE|x64 = ReleaseSEXE|x64
		StaticDebug|Win32 = StaticDebug|Win32
		StaticDebug|x64 = StaticDebug|x64
		StaticRelease|Win32 = StaticRelease|Win32
		StaticRelease|x64 = StaticRelease|x64
	EndGlobalSection
	GlobalSection(ProjectConfigurationPlatforms) = postSolution
		{BF349FAF-CF6C-4683-B0C7-77B90856196B}.Debug|Win32.ActiveCfg = Debug|Win32
		{BF349FAF-CF6C-4683-B0C7-77B90856196B}.Debug|Win32.Build.0 = Debug|Win32
		{BF349FAF-CF6C-4683-B0C7-77B90856196B}.Debug|x64.ActiveCfg = Debug|x64
		{BF349FAF-CF6C-4683-B0C7-77B90856196B}.DebugDEXE|Win32.ActiveCfg = DebugDLL|Win32
		{BF349FAF-CF6C-4683-B0C7-77B90856196B}.DebugDEXE|Win32.Build.0 = DebugDLL|Win32
		{BF349FAF-CF6C-4683-B0C7-77B90856196B}.DebugDEXE|x64.ActiveCfg = DebugDLL|x64
		{BF349FAF-CF6C-4683-B0C7-77B90856196B}.DebugDEXE|x64.Build.0 = DebugDLL|x64
		{BF349FAF-CF6C-4683-B0C7-77B90856196B}.DebugDLL|Win32.ActiveCfg = Debug|Win32
		{BF349FAF-CF6C-4683-B0C7-77B90856196B}.DebugDLL|Win32.Build.0 = Debug|Win32
		{BF349FAF-CF6C-4683-B0C7-77B90856196B}.DebugDLL|x64.ActiveCfg = DebugDLL|x64
		{BF349FAF-CF6C-4683-B0C7-77B90856196B}.DebugDLL|x64.Build.0 = DebugDLL|x64
		{BF349FAF-CF6C-4683-B0C7-77B90856196B}.DebugLEXE|Win32.ActiveCfg = DebugDLL|Win32
		{BF349FAF-CF6C-4683-B0C7-77B90856196B}.DebugLEXE|Win32.Build.0 = DebugDLL|Win32
		{BF349FAF-CF6C-4683-B0C7-77B90856196B}.DebugLEXE|x64.ActiveCfg = Debug|x64
		{BF349FAF-CF6C-4683-B0C7-77B90856196B}.DebugLEXE|x64.Build.0 = Debug|x64
		{BF349FAF-CF6C-4683-B0C7-77B90856196B}.DebugLIB|Win32.ActiveCfg = Debug|Win32
		{BF349FAF-CF6C-4683-B0C7-77B90856196B}.DebugLIB|Win32.Build.0 = Debug|Win32
		{BF349FAF-CF6C-4683-B0C7-77B90856196B}.DebugLIB|x64.ActiveCfg = Debug|Win32
		{BF349FAF-CF6C-4683-B0C7-77B90856196B}.DebugLIB|x64.Build.0 = Debug|Win32
		{BF349FAF-CF6C-4683-B0C7-77B90856196B}.DebugLTCG|Win32.ActiveCfg = Debug|Win32
		{BF349FAF-CF6C-4683-B0C7-77B90856196B}.DebugLTCG|Win32.Build.0 = Debug|Win32
		{BF349FAF-CF6C-4683-B0C7-77B90856196B}.DebugLTCG|x64.ActiveCfg = Debug|Win32
		{BF349FAF-CF6C-4683-B0C7-77B90856196B}.DebugSEXE|Win32.ActiveCfg = DebugDLL|Win32
		{BF349FAF-CF6C-4683-B0C7-77B90856196B}.DebugSEXE|Win32.Build.0 = DebugDLL|Win32
		{BF349FAF-CF6C-4683-B0C7-77B90856196B}.DebugSEXE|x64.ActiveCfg = Debug|x64
		{BF349FAF-CF6C-4683-B0C7-77B90856196B}.DebugSEXE|x64.Build.0 = Debug|x64
		{BF349FAF-CF6C-4683-B0C7-77B90856196B}.DynDebug|Win32.ActiveCfg = Debug|Win32
		{BF349FAF-CF6C-4683-B0C7-77B90856196B}.DynDebug|Win32.Build.0 = Debug|Win32
		{BF349FAF-CF6C-4683-B0C7-77B90856196B}.DynDebug|x64.ActiveCfg = Debug|Win32
		{BF349FAF-CF6C-4683-B0C7-77B90856196B}.DynDebug|x64.Build.0 = Debug|Win32
		{BF349FAF-CF6C-4683-B0C7-77B90856196B}.DynRelease|Win32.ActiveCfg = Release|Win32
		{BF349FAF-CF6C-4683-B0C7-77B90856196B}.DynRelease|Win32.Build.0 = Release|Win32
		{BF349FAF-CF6C-4683-B0C7-77B90856196B}.DynRelease|x64.ActiveCfg = Release|Win32
		{BF349FAF-CF6C-4683-B0C7-77B90856196B}.LtcgDebug|Win32.ActiveCfg = Debug|Win32
		{BF349FAF-CF6C-4683-B0C7-77B90856196B}.LtcgDebug|Win32.Build.0 = Debug|Win32
		{BF349FAF-CF6C-4683-B0C7-77B90856196B}.LtcgDebug|x64.ActiveCfg = Debug|Win32
		{BF349FAF-CF6C-4683-B0C7-77B90856196B}.LtcgRelease|Win32.ActiveCfg = Release|Win32
		{BF349FAF-CF6C-4683-B0C7-77B90856196B}.LtcgRelease|Win32.Build.0 = Release|Win32
		{BF349FAF-CF6C-4683-B0C7-77B90856196B}.LtcgRelease|x64.ActiveCfg = Release|Win32
		{BF349FAF-CF6C-4683-B0C7-77B90856196B}.Release|Win32.ActiveCfg = Release|Win32
		{BF349FAF-CF6C-4683-B0C7-77B90856196B}.Release|Win32.Build.0 = Release|Win32
		{BF349FAF-CF6C-4683-B0C7-77B90856196B}.Release|x64.ActiveCfg = Release|Win32
		{BF349FAF-CF6C-4683-B0C7-77B90856196B}.ReleaseDEXE|Win32.ActiveCfg = Release|Win32
		{BF349FAF-CF6C-4683-B0C7-77B90856196B}.ReleaseDEXE|Win32.Build.0 = Release|Win32
		{BF349FAF-CF6C-4683-B0C7-77B90856196B}.ReleaseDEXE|x64.ActiveCfg = Release|x64
		{BF349FAF-CF6C-4683-B0C7-77B90856196B}.ReleaseDEXE|x64.Build.0 = Release|x64
		{BF349FAF-CF6C-4683-B0C7-77B90856196B}.ReleaseDLL|Win32.ActiveCfg = Release|Win32
		{BF349FAF-CF6C-4683-B0C7-77B90856196B}.ReleaseDLL|Win32.Build.0 = Release|Win32
		{BF349FAF-CF6C-4683-B0C7-77B90856196B}.ReleaseDLL|x64.ActiveCfg = ReleaseDLL|x64
		{BF349FAF-CF6C-4683-B0C7-77B90856196B}.ReleaseLEXE|Win32.ActiveCfg = Release|Win32
		{BF349FAF-CF6C-4683-B0C7-77B90856196B}.ReleaseLEXE|Win32.Build.0 = Release|Win32
		{BF349FAF-CF6C-4683-B0C7-77B90856196B}.ReleaseLEXE|x64.ActiveCfg = Release|x64
		{BF349FAF-CF6C-4683-B0C7-77B90856196B}.ReleaseLEXE|x64.Build.0 = Release|x64
		{BF349FAF-CF6C-4683-B0C7-77B90856196B}.ReleaseLIB|Win32.ActiveCfg = Release|Win32
		{BF349FAF-CF6C-4683-B0C7-77B90856196B}.ReleaseLIB|Win32.Build.0 = Release|Win32
		{BF349FAF-CF6C-4683-B0C7-77B90856196B}.ReleaseLIB|x64.ActiveCfg = Release|x64
		{BF349FAF-CF6C-4683-B0C7-77B90856196B}.ReleaseLIB|x64.Build.0 = Release|x64
		{BF349FAF-CF6C-4683-B0C7-77B90856196B}.ReleaseLTCG|Win32.ActiveCfg = Release|Win32
		{BF349FAF-CF6C-4683-B0C7-77B90856196B}.ReleaseLTCG|Win32.Build.0 = Release|Win32
		{BF349FAF-CF6C-4683-B0C7-77B90856196B}.ReleaseLTCG|x64.ActiveCfg = Release|Win32
		{BF349FAF-CF6C-4683-B0C7-77B90856196B}.ReleaseSEXE|Win32.ActiveCfg = Release|Win32
		{BF349FAF-CF6C-4683-B0C7-77B90856196B}.ReleaseSEXE|Win32.Build.0 = Release|Win32
		{BF349FAF-CF6C-4683-B0C7-77B90856196B}.ReleaseSEXE|x64.ActiveCfg = Release|x64
		{BF349FAF-CF6C-4683-B0C7-77B90856196B}.ReleaseSEXE|x64.Build.0 = Release|x64
		{BF349FAF-CF6C-4683-B0C7-77B90856196B}.StaticDebug|Win32.ActiveCfg = Debug|Win32
		{BF349FAF-CF6C-4683-B0C7-77B90856196B}.StaticDebug|Win32.Build.0 = Debug|Win32
		{BF349FAF-CF6C-4683-B0C7-77B90856196B}.StaticDebug|x64.ActiveCfg = Debug|Win32
		{BF349FAF-CF6C-4683-B0C7-77B90856196B}.StaticRelease|Win32.ActiveCfg = Release|Win32
		{BF349FAF-CF6C-4683-B0C7-77B90856196B}.StaticRelease|Win32.Build.0 = Release|Win32
		{BF349FAF-CF6C-4683-B0C7-77B90856196B}.StaticRelease|x64.ActiveCfg = Release|Win32
		{D4D55624-A785-48BB-864C-AB970F834205}.Debug|Win32.ActiveCfg = Debug|Win32
		{D4D55624-A785-48BB-864C-AB970F834205}.Debug|Win32.Build.0 = Debug|Win32
		{D4D55624-A785-48BB-864C-AB970F834205}.Debug|x64.ActiveCfg = Debug|x64
		{D4D55624-A785-48BB-864C-AB970F834205}.Debug|x64.Build.0 = Debug|x64
		{D4D55624-A785-48BB-864C-AB970F834205}.DebugDEXE|Win32.ActiveCfg = DebugDLL|Win32
		{D4D55624-A785-48BB-864C-AB970F834205}.DebugDEXE|Win32.Build.0 = DebugDLL|Win32
		{D4D55624-A785-48BB-864C-AB970F834205}.DebugDEXE|x64.ActiveCfg = DebugDLL|x64
		{D4D55624-A785-48BB-864C-AB970F834205}.DebugDEXE|x64.Build.0 = DebugDLL|x64
		{D4D55624-A785-48BB-864C-AB970F834205}.DebugDLL|Win32.ActiveCfg = DebugDLL|Win32
		{D4D55624-A785-48BB-864C-AB970F834205}.DebugDLL|Win32.Build.0 = DebugDLL|Win32
		{D4D55624-A785-48BB-864C-AB970F834205}.DebugDLL|x64.ActiveCfg = DebugDLL|x64
		{D4D55624-A785-48BB-864C-AB970F834205}.DebugDLL|x64.Build.0 = DebugDLL|x64
		{D4D55624-A785-48BB-864C-AB970F834205}.DebugLEXE|Win32.ActiveCfg = DebugDLL|Win32
		{D4D55624-A785-48BB-864C-AB970F834205}.DebugLEXE|Win32.Build.0 = DebugDLL|Win32
		{D4D55624-A785-48BB-864C-AB970F834205}.DebugLEXE|x64.ActiveCfg = DebugDLL|x64
		{D4D55624-A785-48BB-864C-AB970F834205}.DebugLEXE|x64.Build.0 = DebugDLL|x64
		{D4D55624-A785-48BB-864C-AB970F834205}.DebugLIB|Win32.ActiveCfg = DebugDLL|Win32
		{D4D55624-A785-48BB-864C-AB970F834205}.DebugLIB|Win32.Build.0 = DebugDLL|Win32
		{D4D55624-A785-48BB-864C-AB970F834205}.DebugLIB|x64.ActiveCfg = DebugDLL|x64
		{D4D55624-A785-48BB-864C-AB970F834205}.DebugLIB|x64.Build.0 = DebugDLL|x64
		{D4D55624-A785-48BB-864C-AB970F834205}.DebugLTCG|Win32.ActiveCfg = DebugDLL|Win32
		{D4D55624-A785-48BB-864C-AB970F834205}.DebugLTCG|Win32.Build.0 = DebugDLL|Win32
		{D4D55624-A785-48BB-864C-AB970F834205}.DebugLTCG|x64.ActiveCfg = DebugDLL|x64
		{D4D55624-A785-48BB-864C-AB970F834205}.DebugLTCG|x64.Build.0 = DebugDLL|x64
		{D4D55624-A785-48BB-864C-AB970F834205}.DebugSEXE|Win32.ActiveCfg = DebugDLL|Win32
		{D4D55624-A785-48BB-864C-AB970F834205}.DebugSEXE|Win32.Build.0 = DebugDLL|Win32
		{D4D55624-A785-48BB-864C-AB970F834205}.DebugSEXE|x64.ActiveCfg = DebugDLL|x64
		{D4D55624-A785-48BB-864C-AB970F834205}.DebugSEXE|x64.Build.0 = DebugDLL|x64
		{D4D55624-A785-48BB-864C-AB970F834205}.DynDebug|Win32.ActiveCfg = Debug|Win32
		{D4D55624-A785-48BB-864C-AB970F834205}.DynDebug|Win32.Build.0 = Debug|Win32
		{D4D55624-A785-48BB-864C-AB970F834205}.DynDebug|x64.ActiveCfg = Debug|x64
		{D4D55624-A785-48BB-864C-AB970F834205}.DynDebug|x64.Build.0 = Debug|x64
		{D4D55624-A785-48BB-864C-AB970F834205}.DynRelease|Win32.ActiveCfg = Release|Win32
		{D4D55624-A785-48BB-864C-AB970F834205}.DynRelease|Win32.Build.0 = Release|Win32
		{D4D55624-A785-48BB-864C-AB970F834205}.DynRelease|x64.ActiveCfg = Release|x64
		{D4D55624-A785-48BB-864C-AB970F834205}.DynRelease|x64.Build.0 = Release|x64
		{D4D55624-A785-48BB-864C-AB970F834205}.LtcgDebug|Win32.ActiveCfg = Debug|Win32
		{D4D55624-A785-48BB-864C-AB970F834205}.LtcgDebug|Win32.Build.0 = Debug|Win32
		{D4D55624-A785-48BB-864C-AB970F834205}.LtcgDebug|x64.ActiveCfg = Debug|x64
		{D4D55624-A785-48BB-864C-AB970F834205}.LtcgDebug|x64.Build.0 = Debug|x64
		{D4D55624-A785-48BB-864C-AB970F834205}.LtcgRelease|Win32.ActiveCfg = Release|Win32
		{D4D55624-A785-48BB-864C-AB970F834205}.LtcgRelease|Win32.Build.0 = Release|Win32
		{D4D55624-A785-48BB-864C-AB970F834205}.LtcgRelease|x64.ActiveCfg = Release|x64
		{D4D55624-A785-48BB-864C-AB970F834205}.LtcgRelease|x64.Build.0 = Release|x64
		{D4D55624-A785-48BB-864C-AB970F834205}.Release|Win32.ActiveCfg = Release|Win32
		{D4D55624-A785-48BB-864C-AB970F834205}.Release|Win32.Build.0 = Release|Win32
		{D4D55624-A785-48BB-864C-AB970F834205}.Release|x64.ActiveCfg = Release|x64
		{D4D55624-A785-48BB-864C-AB970F834205}.Release|x64.Build.0 = Release|x64
		{D4D55624-A785-48BB-864C-AB970F834205}.ReleaseDEXE|Win32.ActiveCfg = Release|Win32
		{D4D55624-A785-48BB-864C-AB970F834205}.ReleaseDEXE|Win32.Build.0 = Release|Win32
		{D4D55624-A785-48BB-864C-AB970F834205}.ReleaseDEXE|x64.ActiveCfg = Release|x64
		{D4D55624-A785-48BB-864C-AB970F834205}.ReleaseDEXE|x64.Build.0 = Release|x64
		{D4D55624-A785-48BB-864C-AB970F834205}.ReleaseDLL|Win32.ActiveCfg = Release|Win32
		{D4D55624-A785-48BB-864C-AB970F834205}.ReleaseDLL|Win32.Build.0 = Release|Win32
		{D4D55624-A785-48BB-864C-AB970F834205}.ReleaseDLL|x64.ActiveCfg = ReleaseDLL|x64
		{D4D55624-A785-48BB-864C-AB970F834205}.ReleaseDLL|x64.Build.0 = ReleaseDLL|x64
		{D4D55624-A785-48BB-864C-AB970F834205}.ReleaseLEXE|Win32.ActiveCfg = Release|Win32
		{D4D55624-A785-48BB-864C-AB970F834205}.ReleaseLEXE|Win32.Build.0 = Release|Win32
		{D4D55624-A785-48BB-864C-AB970F834205}.ReleaseLEXE|x64.ActiveCfg = Release|x64
		{D4D55624-A785-48BB-864C-AB970F834205}.ReleaseLEXE|x64.Build.0 = Release|x64
		{D4D55624-A785-48BB-864C-AB970F834205}.ReleaseLIB|Win32.ActiveCfg = Release|Win32
		{D4D55624-A785-48BB-864C-AB970F834205}.ReleaseLIB|Win32.Build.0 = Release|Win32
		{D4D55624-A785-48BB-864C-AB970F834205}.ReleaseLIB|x64.ActiveCfg = Release|x64
		{D4D55624-A785-48BB-864C-AB970F834205}.ReleaseLIB|x64.Build.0 = Release|x64
		{D4D55624-A785-48BB-864C-AB970F834205}.ReleaseLTCG|Win32.ActiveCfg = Release|Win32
		{D4D55624-A785-48BB-864C-AB970F834205}.ReleaseLTCG|Win32.Build.0 = Release|Win32
		{D4D55624-A785-48BB-864C-AB970F834205}.ReleaseLTCG|x64.ActiveCfg = Release|x64
		{D4D55624-A785-48BB-864C-AB970F834205}.ReleaseLTCG|x64.Build.0 = Release|x64
		{D4D55624-A785-48BB-864C-AB970F834205}.ReleaseSEXE|Win32.ActiveCfg = Release|Win32
		{D4D55624-A785-48BB-864C-AB970F834205}.ReleaseSEXE|Win32.Build.0 = Release|Win32
		{D4D55624-A785-48BB-864C-AB970F834205}.ReleaseSEXE|x64.ActiveCfg = Release|x64
		{D4D55624-A785-48BB-864C-AB970F834205}.ReleaseSEXE|x64.Build.0 = Release|x64
		{D4D55624-A785-48BB-864C-AB970F834205}.StaticDebug|Win32.ActiveCfg = Debug|Win32
		{D4D55624-A785-48BB-864C-AB970F834205}.StaticDebug|Win32.Build.0 = Debug|Win32
		{D4D55624-A785-48BB-864C-AB970F834205}.StaticDebug|x64.ActiveCfg = Debug|x64
		{D4D55624-A785-48BB-864C-AB970F834205}.StaticDebug|x64.Build.0 = Debug|x64
		{D4D55624-A785-48BB-864C-AB970F834205}.StaticRelease|Win32.ActiveCfg = Release|Win32
		{D4D55624-A785-48BB-864C-AB970F834205}.StaticRelease|Win32.Build.0 = Release|Win32
		{D4D55624-A785-48BB-864C-AB970F834205}.StaticRelease|x64.ActiveCfg = Release|x64
		{D4D55624-A785-48BB-864C-AB970F834205}.StaticRelease|x64.Build.0 = Release|x64
	EndGlobalSection
	GlobalSection(SolutionProperties) = preSolution
		HideSolutionNode = FALSE
	EndGlobalSection
EndGlobal
